{
  "apps/runtime/migrations": {
    "0001_initial.sql": "a9c77bb975e4faab517fe8ec7a5179455ff6c22dc5585c17e6d5e405c7180f63",
    "0002_agent_mailbox.sql": "f07f2561bd76d1de8a5d31599eee3480785388ddbaa4ac6a19b24c99a5d6d08d",
    "0003_retire_kanban.sql": "f7d60789d8527baef77d827a52f9c426d3fd61187f440e378ab2b764167e1f8f",
    "0004_agent_handoffs.sql": "a2926cbfb382648cb93bade36db701e135f48a13fae0764fe40635aca2d5179d",
    "0005_browser_sessions.sql": "d2b63bf421a3a1c555bdd51097ccd0c7fa8e6f46fb02403d298b47b560fc2b16",
    "0006_agent_prompt_deliveries.sql": "a187a525c70461cd2584c089832540dd62312f717a73d3c2dc5ac0c5f21ae763",
    "0007_handoff_attempts.sql": "548efba8fbaff922e1f6b9782aba686fdb900d816bceb64edcd4d8acf3eeb6cb",
    "0008_write_ownership.sql": "832ae104f8810758a17ca7867cd14de83cb2506c67f9346fe83d0eb38b6cc830",
    "0009_workspace_execution_host.sql": "17e081c92f265e76296562df00827c27b0f4b0ec64f771e4dd78556cd70fafd5",
    "0010_host_imports.sql": "428e7dc1f873036d7bb7acf5b050b588de2e2076fb0a285354c97999cfe8f770",
    "0011_domain_ownership.sql": "31a1b828b6b5678d1caaa0c9ae400dfa0f0fc2c11f3cd34d2b0b23b869da2ec0",
    "0012_browser_process.sql": "b33a43517cd1d1983c85db4b2bbcbef2f8d2ce5b3d0e460f40b04d764ee193a7",
    "0013_agent_status_source.sql": "9d7c3dc119faf2fa321a1a204038b7e4ceba237f2cbfee122345d504a2d65c67",
    "0014_retire_gemini.sql": "ec1ffb5a11ec40c5b95b7d0f6b65a0f3d79ad0dd15d5be6b4f01402f632eaea8"
  },
  "apps/desktop/src/core/db/migrations": {
    "0015_unified_core.sql": "a3aa5028cc99eb796fbe57f56366b924c8d4efe30dcefee05c6b7ca6390b86a6",
    "0016_agent_domain.sql": "1f509e6ec72592687e5ee6dcec6f8155e0a1abc89a4bca1258a8df43eb78c36d",
    "0017_event_outbox.sql": "0d411675f270a7e580bcbdb3c63812ba0b9543a4efb9e34bc348813339fc399d",
    "0019_github.sql": "e400ff0c175c886fa7a81973a9ecba5ffc136d038713f8ab14f2052e54fb6086"
  },
  "apps/host/internal/migration/legacy": {
    "0001_initial.sql": "a9c77bb975e4faab517fe8ec7a5179455ff6c22dc5585c17e6d5e405c7180f63",
    "0002_agent_mailbox.sql": "f07f2561bd76d1de8a5d31599eee3480785388ddbaa4ac6a19b24c99a5d6d08d",
    "0003_retire_kanban.sql": "f7d60789d8527baef77d827a52f9c426d3fd61187f440e378ab2b764167e1f8f",
    "0004_agent_handoffs.sql": "a2926cbfb382648cb93bade36db701e135f48a13fae0764fe40635aca2d5179d",
    "0005_browser_sessions.sql": "d2b63bf421a3a1c555bdd51097ccd0c7fa8e6f46fb02403d298b47b560fc2b16",
    "0006_agent_prompt_deliveries.sql": "a187a525c70461cd2584c089832540dd62312f717a73d3c2dc5ac0c5f21ae763",
    "0007_handoff_attempts.sql": "548efba8fbaff922e1f6b9782aba686fdb900d816bceb64edcd4d8acf3eeb6cb",
    "0008_write_ownership.sql": "832ae104f8810758a17ca7867cd14de83cb2506c67f9346fe83d0eb38b6cc830",
    "0009_workspace_execution_host.sql": "17e081c92f265e76296562df00827c27b0f4b0ec64f771e4dd78556cd70fafd5",
    "0010_host_imports.sql": "428e7dc1f873036d7bb7acf5b050b588de2e2076fb0a285354c97999cfe8f770",
    "0011_domain_ownership.sql": "31a1b828b6b5678d1caaa0c9ae400dfa0f0fc2c11f3cd34d2b0b23b869da2ec0",
    "0012_browser_process.sql": "b33a43517cd1d1983c85db4b2bbcbef2f8d2ce5b3d0e460f40b04d764ee193a7",
    "0013_agent_status_source.sql": "9d7c3dc119faf2fa321a1a204038b7e4ceba237f2cbfee122345d504a2d65c67",
    "0014_retire_gemini.sql": "ec1ffb5a11ec40c5b95b7d0f6b65a0f3d79ad0dd15d5be6b4f01402f632eaea8"
  },
  "apps/host/internal/storage/schema.go": {
    "schemaV1": "4666c132f859310554606295c668ec0d6de7e7198bac9c774a54515bacac2d9e",
    "schemaV2": "c0ea936da2aa3e75437f301907fcb5e37b39d182c0f7ee8f997c559e8b8dd02e",
    "schemaV3": "c009f4186fe33cf654e7d0c05fdee8f0624c1112ad70bccf8660ba4b79f2bf50",
    "schemaV4": "7ba294cdc1863f0948438971ee1b08c618f253b4dbe07a50fe8f1f913be4e3bd",
    "schemaV5": "1cbefb5866f923003d42e125089062f3e8b2f8732948a81644e99bc2b0f46c29",
    "schemaV6": "68a84ab47fed25a7d97403c9e8baba812a389562365dc9660bd4b59e167f2bbb",
    "schemaV7": "6ceee2f67deb0c6568c232766908e54104e5a1ea4fa45ede04f4e03f57eb5ba0",
    "schemaV8": "7dc4b9fef46727fb2ff8c34658edb9453d3df7d0e53e405213178aa301f09fd0",
    "schemaV9": "790236cac0aac1207639a67f70cc3f693d39928086fba07c3f031cb5f87b24fe",
    "schemaV10": "3ffe893f5fa98e7d5029543a8a75563396aaa9d7936d16ff19387f3d0620e44a"
  }
}
